// !$*UTF8*$!
{
	archiveVersion = 1;
	classes = {
	};
	objectVersion = 50;
	objects = {

/* Begin PBXBuildFile section */
		FD238A8D26967E75008A24A5 /* AppDelegate.swift in Sources */ = {isa = PBXBuildFile; fileRef = FD238A8C26967E75008A24A5 /* AppDelegate.swift */; };
		FD238A8F26967E75008A24A5 /* SceneDelegate.swift in Sources */ = {isa = PBXBuildFile; fileRef = FD238A8E26967E75008A24A5 /* SceneDelegate.swift */; };
		FD238A9126967E75008A24A5 /* ViewController.swift in Sources */ = {isa = PBXBuildFile; fileRef = FD238A9026967E75008A24A5 /* ViewController.swift */; };
		FD238A9426967E75008A24A5 /* Main.storyboard in Resources */ = {isa = PBXBuildFile; fileRef = FD238A9226967E75008A24A5 /* Main.storyboard */; };
		FD238A9626967E77008A24A5 /* Assets.xcassets in Resources */ = {isa = PBXBuildFile; fileRef = FD238A9526967E77008A24A5 /* Assets.xcassets */; };
		FD238A9926967E77008A24A5 /* LaunchScreen.storyboard in Resources */ = {isa = PBXBuildFile; fileRef = FD238A9726967E77008A24A5 /* LaunchScreen.storyboard */; };
		FD238AA426967E78008A24A5 /* RandomTests.swift in Sources */ = {isa = PBXBuildFile; fileRef = FD238AA326967E78008A24A5 /* RandomTests.swift */; };
		FD238AAF26967E78008A24A5 /* RandomUITests.swift in Sources */ = {isa = PBXBuildFile; fileRef = FD238AAE26967E78008A24A5 /* RandomUITests.swift */; };
		FD238AC02699D4BF008A24A5 /* Hub.storyboard in Resources */ = {isa = PBXBuildFile; fileRef = FD238ABF2699D4BF008A24A5 /* Hub.storyboard */; };
/* End PBXBuildFile section */

/* Begin PBXContainerItemProxy section */
		FD238AA026967E78008A24A5 /* PBXContainerItemProxy */ = {
			isa = PBXContainerItemProxy;
			containerPortal = FD238A8126967E75008A24A5 /* Project object */;
			proxyType = 1;
			remoteGlobalIDString = FD238A8826967E75008A24A5;
			remoteInfo = Random;
		};
		FD238AAB26967E78008A24A5 /* PBXContainerItemProxy */ = {
			isa = PBXContainerItemProxy;
			containerPortal = FD238A8126967E75008A24A5 /* Project object */;
			proxyType = 1;
			remoteGlobalIDString = FD238A8826967E75008A24A5;
			remoteInfo = Random;
		};
/* End PBXContainerItemProxy section */

/* Begin PBXFileReference section */
		FD238A8926967E75008A24A5 /* Random.app */ = {isa = PBXFileReference; explicitFileType = wrapper.application; includeInIndex = 0; path = Random.app; sourceTree = BUILT_PRODUCTS_DIR; };
		FD238A8C26967E75008A24A5 /* AppDelegate.swift */ = {isa = PBXFileReference; lastKnownFileType = sourcecode.swift; path = AppDelegate.swift; sourceTree = "<group>"; };
		FD238A8E26967E75008A24A5 /* SceneDelegate.swift */ = {isa = PBXFileReference; lastKnownFileType = sourcecode.swift; path = SceneDelegate.swift; sourceTree = "<group>"; };
		FD238A9026967E75008A24A5 /* ViewController.swift */ = {isa = PBXFileReference; lastKnownFileType = sourcecode.swift; path = ViewController.swift; sourceTree = "<group>"; };
		FD238A9326967E75008A24A5 /* Base */ = {isa = PBXFileReference; lastKnownFileType = file.storyboard; name = Base; path = Base.lproj/Main.storyboard; sourceTree = "<group>"; };
		FD238A9526967E77008A24A5 /* Assets.xcassets */ = {isa = PBXFileReference; lastKnownFileType = folder.assetcatalog; path = Assets.xcassets; sourceTree = "<group>"; };
		FD238A9826967E77008A24A5 /* Base */ = {isa = PBXFileReference; lastKnownFileType = file.storyboard; name = Base; path = Base.lproj/LaunchScreen.storyboard; sourceTree = "<group>"; };
		FD238A9A26967E77008A24A5 /* Info.plist */ = {isa = PBXFileReference; lastKnownFileType = text.plist.xml; path = Info.plist; sourceTree = "<group>"; };
		FD238A9F26967E78008A24A5 /* RandomTests.xctest */ = {isa = PBXFileReference; explicitFileType = wrapper.cfbundle; includeInIndex = 0; path = RandomTests.xctest; sourceTree = BUILT_PRODUCTS_DIR; };
		FD238AA326967E78008A24A5 /* RandomTests.swift */ = {isa = PBXFileReference; lastKnownFileType = sourcecode.swift; path = RandomTests.swift; sourceTree = "<group>"; };
		FD238AA526967E78008A24A5 /* Info.plist */ = {isa = PBXFileReference; lastKnownFileType = text.plist.xml; path = Info.plist; sourceTree = "<group>"; };
		FD238AAA26967E78008A24A5 /* RandomUITests.xctest */ = {isa = PBXFileReference; explicitFileType = wrapper.cfbundle; includeInIndex = 0; path = RandomUITests.xctest; sourceTree = BUILT_PRODUCTS_DIR; };
		FD238AAE26967E78008A24A5 /* RandomUITests.swift */ = {isa = PBXFileReference; lastKnownFileType = sourcecode.swift; path = RandomUITests.swift; sourceTree = "<group>"; };
		FD238AB026967E78008A24A5 /* Info.plist */ = {isa = PBXFileReference; lastKnownFileType = text.plist.xml; path = Info.plist; sourceTree = "<group>"; };
		FD238ABF2699D4BF008A24A5 /* Hub.storyboard */ = {isa = PBXFileReference; lastKnownFileType = file.storyboard; path = Hub.storyboard; sourceTree = "<group>"; };
/* End PBXFileReference section */

/* Begin PBXFrameworksBuildPhase section */
		FD238A8626967E75008A24A5 /* Frameworks */ = {
			isa = PBXFrameworksBuildPhase;
			buildActionMask = 2147483647;
			files = (
			);
			runOnlyForDeploymentPostprocessing = 0;
		};
		FD238A9C26967E78008A24A5 /* Frameworks */ = {
			isa = PBXFrameworksBuildPhase;
			buildActionMask = 2147483647;
			files = (
			);
			runOnlyForDeploymentPostprocessing = 0;
		};
		FD238AA726967E78008A24A5 /* Frameworks */ = {
			isa = PBXFrameworksBuildPhase;
			buildActionMask = 2147483647;
			files = (
			);
			runOnlyForDeploymentPostprocessing = 0;
		};
/* End PBXFrameworksBuildPhase section */

/* Begin PBXGroup section */
		FD238A8026967E75008A24A5 = {
			isa = PBXGroup;
			children = (
				FD238A8B26967E75008A24A5 /* Random */,
				FD238AA226967E78008A24A5 /* RandomTests */,
				FD238AAD26967E78008A24A5 /* RandomUITests */,
				FD238A8A26967E75008A24A5 /* Products */,
			);
			sourceTree = "<group>";
		};
		FD238A8A26967E75008A24A5 /* Products */ = {
			isa = PBXGroup;
			children = (
				FD238A8926967E75008A24A5 /* Random.app */,
				FD238A9F26967E78008A24A5 /* RandomTests.xctest */,
				FD238AAA26967E78008A24A5 /* RandomUITests.xctest */,
			);
			name = Products;
			sourceTree = "<group>";
		};
		FD238A8B26967E75008A24A5 /* Random */ = {
			isa = PBXGroup;
			children = (
				FD238A8C26967E75008A24A5 /* AppDelegate.swift */,
				FD238A8E26967E75008A24A5 /* SceneDelegate.swift */,
				FD238A9026967E75008A24A5 /* ViewController.swift */,
				FD238A9226967E75008A24A5 /* Main.storyboard */,
				FD238ABF2699D4BF008A24A5 /* Hub.storyboard */,
				FD238A9526967E77008A24A5 /* Assets.xcassets */,
				FD238A9726967E77008A24A5 /* LaunchScreen.storyboard */,
				FD238A9A26967E77008A24A5 /* Info.plist */,
			);
			path = Random;
			sourceTree = "<group>";
		};
		FD238AA226967E78008A24A5 /* RandomTests */ = {
			isa = PBXGroup;
			children = (
				FD238AA326967E78008A24A5 /* RandomTests.swift */,
				FD238AA526967E78008A24A5 /* Info.plist */,
			);
			path = RandomTests;
			sourceTree = "<group>";
		};
		FD238AAD26967E78008A24A5 /* RandomUITests */ = {
			isa = PBXGroup;
			children = (
				FD238AAE26967E78008A24A5 /* RandomUITests.swift */,
				FD238AB026967E78008A24A5 /* Info.plist */,
			);
			path = RandomUITests;
			sourceTree = "<group>";
		};
/* End PBXGroup section */

/* Begin PBXNativeTarget section */
		FD238A8826967E75008A24A5 /* Random */ = {
			isa = PBXNativeTarget;
			buildConfigurationList = FD238AB326967E78008A24A5 /* Build configuration list for PBXNativeTarget "Random" */;
			buildPhases = (
				FD238A8526967E75008A24A5 /* Sources */,
				FD238A8626967E75008A24A5 /* Frameworks */,
				FD238A8726967E75008A24A5 /* Resources */,
			);
			buildRules = (
			);
			dependencies = (
			);
			name = Random;
			productName = Random;
			productReference = FD238A8926967E75008A24A5 /* Random.app */;
			productType = "com.apple.product-type.application";
		};
		FD238A9E26967E78008A24A5 /* RandomTests */ = {
			isa = PBXNativeTarget;
			buildConfigurationList = FD238AB626967E78008A24A5 /* Build configuration list for PBXNativeTarget "RandomTests" */;
			buildPhases = (
				FD238A9B26967E78008A24A5 /* Sources */,
				FD238A9C26967E78008A24A5 /* Frameworks */,
				FD238A9D26967E78008A24A5 /* Resources */,
			);
			buildRules = (
			);
			dependencies = (
				FD238AA126967E78008A24A5 /* PBXTargetDependency */,
			);
			name = RandomTests;
			productName = RandomTests;
			productReference = FD238A9F26967E78008A24A5 /* RandomTests.xctest */;
			productType = "com.apple.product-type.bundle.unit-test";
		};
		FD238AA926967E78008A24A5 /* RandomUITests */ = {
			isa = PBXNativeTarget;
			buildConfigurationList = FD238AB926967E78008A24A5 /* Build configuration list for PBXNativeTarget "RandomUITests" */;
			buildPhases = (
				FD238AA626967E78008A24A5 /* Sources */,
				FD238AA726967E78008A24A5 /* Frameworks */,
				FD238AA826967E78008A24A5 /* Resources */,
			);
			buildRules = (
			);
			dependencies = (
				FD238AAC26967E78008A24A5 /* PBXTargetDependency */,
			);
			name = RandomUITests;
			productName = RandomUITests;
			productReference = FD238AAA26967E78008A24A5 /* RandomUITests.xctest */;
			productType = "com.apple.product-type.bundle.ui-testing";
		};
/* End PBXNativeTarget section */

/* Begin PBXProject section */
		FD238A8126967E75008A24A5 /* Project object */ = {
			isa = PBXProject;
			attributes = {
				LastSwiftUpdateCheck = 1240;
				LastUpgradeCheck = 1240;
				TargetAttributes = {
					FD238A8826967E75008A24A5 = {
						CreatedOnToolsVersion = 12.4;
					};
					FD238A9E26967E78008A24A5 = {
						CreatedOnToolsVersion = 12.4;
						TestTargetID = FD238A8826967E75008A24A5;
					};
					FD238AA926967E78008A24A5 = {
						CreatedOnToolsVersion = 12.4;
						TestTargetID = FD238A8826967E75008A24A5;
					};
				};
			};
			buildConfigurationList = FD238A8426967E75008A24A5 /* Build configuration list for PBXProject "Random" */;
			compatibilityVersion = "Xcode 9.3";
			developmentRegion = en;
			hasScannedForEncodings = 0;
			knownRegions = (
				en,
				Base,
			);
			mainGroup = FD238A8026967E75008A24A5;
			productRefGroup = FD238A8A26967E75008A24A5 /* Products */;
			projectDirPath = "";
			projectRoot = "";
			targets = (
				FD238A8826967E75008A24A5 /* Random */,
				FD238A9E26967E78008A24A5 /* RandomTests */,
				FD238AA926967E78008A24A5 /* RandomUITests */,
			);
		};
/* End PBXProject section */

/* Begin PBXResourcesBuildPhase section */
		FD238A8726967E75008A24A5 /* Resources */ = {
			isa = PBXResourcesBuildPhase;
			buildActionMask = 2147483647;
			files = (
				FD238AC02699D4BF008A24A5 /* Hub.storyboard in Resources */,
				FD238A9926967E77008A24A5 /* LaunchScreen.storyboard in Resources */,
				FD238A9626967E77008A24A5 /* Assets.xcassets in Resources */,
				FD238A9426967E75008A24A5 /* Main.storyboard in Resources */,
			);
			runOnlyForDeploymentPostprocessing = 0;
		};
		FD238A9D26967E78008A24A5 /* Resources */ = {
			isa = PBXResourcesBuildPhase;
			buildActionMask = 2147483647;
			files = (
			);
			runOnlyForDeploymentPostprocessing = 0;
		};
		FD238AA826967E78008A24A5 /* Resources */ = {
			isa = PBXResourcesBuildPhase;
			buildActionMask = 2147483647;
			files = (
			);
			runOnlyForDeploymentPostprocessing = 0;
		};
/* End PBXResourcesBuildPhase section */

/* Begin PBXSourcesBuildPhase section */
		FD238A8526967E75008A24A5 /* Sources */ = {
			isa = PBXSourcesBuildPhase;
			buildActionMask = 2147483647;
			files = (
				FD238A9126967E75008A24A5 /* ViewController.swift in Sources */,
				FD238A8D26967E75008A24A5 /* AppDelegate.swift in Sources */,
				FD238A8F26967E75008A24A5 /* SceneDelegate.swift in Sources */,
			);
			runOnlyForDeploymentPostprocessing = 0;
		};
		FD238A9B26967E78008A24A5 /* Sources */ = {
			isa = PBXSourcesBuildPhase;
			buildActionMask = 2147483647;
			files = (
				FD238AA426967E78008A24A5 /* RandomTests.swift in Sources */,
			);
			runOnlyForDeploymentPostprocessing = 0;
		};
		FD238AA626967E78008A24A5 /* Sources */ = {
			isa = PBXSourcesBuildPhase;
			buildActionMask = 2147483647;
			files = (
				FD238AAF26967E78008A24A5 /* RandomUITests.swift in Sources */,
			);
			runOnlyForDeploymentPostprocessing = 0;
		};
/* End PBXSourcesBuildPhase section */

/* Begin PBXTargetDependency section */
		FD238AA126967E78008A24A5 /* PBXTargetDependency */ = {
			isa = PBXTargetDependency;
			target = FD238A8826967E75008A24A5 /* Random */;
			targetProxy = FD238AA026967E78008A24A5 /* PBXContainerItemProxy */;
		};
		FD238AAC26967E78008A24A5 /* PBXTargetDependency */ = {
			isa = PBXTargetDependency;
			target = FD238A8826967E75008A24A5 /* Random */;
			targetProxy = FD238AAB26967E78008A24A5 /* PBXContainerItemProxy */;
		};
/* End PBXTargetDependency section */

/* Begin PBXVariantGroup section */
		FD238A9226967E75008A24A5 /* Main.storyboard */ = {
			isa = PBXVariantGroup;
			children = (
				FD238A9326967E75008A24A5 /* Base */,
			);
			name = Main.storyboard;
			sourceTree = "<group>";
		};
		FD238A9726967E77008A24A5 /* LaunchScreen.storyboard */ = {
			isa = PBXVariantGroup;
			children = (
				FD238A9826967E77008A24A5 /* Base */,
			);
			name = LaunchScreen.storyboard;
			sourceTree = "<group>";
		};
/* End PBXVariantGroup section */

/* Begin XCBuildConfiguration section */
		FD238AB126967E78008A24A5 /* Debug */ = {
			isa = XCBuildConfiguration;
			buildSettings = {
				ALWAYS_SEARCH_USER_PATHS = NO;
				CLANG_ANALYZER_NONNULL = YES;
				CLANG_ANALYZER_NUMBER_OBJECT_CONVERSION = YES_AGGRESSIVE;
				CLANG_CXX_LANGUAGE_STANDARD = "gnu++14";
				CLANG_CXX_LIBRARY = "libc++";
				CLANG_ENABLE_MODULES = YES;
				CLANG_ENABLE_OBJC_ARC = YES;
				CLANG_ENABLE_OBJC_WEAK = YES;
				CLANG_WARN_BLOCK_CAPTURE_AUTORELEASING = YES;
				CLANG_WARN_BOOL_CONVERSION = YES;
				CLANG_WARN_COMMA = YES;
				CLANG_WARN_CONSTANT_CONVERSION = YES;
				CLANG_WARN_DEPRECATED_OBJC_IMPLEMENTATIONS = YES;
				CLANG_WARN_DIRECT_OBJC_ISA_USAGE = YES_ERROR;
				CLANG_WARN_DOCUMENTATION_COMMENTS = YES;
				CLANG_WARN_EMPTY_BODY = YES;
				CLANG_WARN_ENUM_CONVERSION = YES;
				CLANG_WARN_INFINITE_RECURSION = YES;
				CLANG_WARN_INT_CONVERSION = YES;
				CLANG_WARN_NON_LITERAL_NULL_CONVERSION = YES;
				CLANG_WARN_OBJC_IMPLICIT_RETAIN_SELF = YES;
				CLANG_WARN_OBJC_LITERAL_CONVERSION = YES;
				CLANG_WARN_OBJC_ROOT_CLASS = YES_ERROR;
				CLANG_WARN_QUOTED_INCLUDE_IN_FRAMEWORK_HEADER = YES;
				CLANG_WARN_RANGE_LOOP_ANALYSIS = YES;
				CLANG_WARN_STRICT_PROTOTYPES = YES;
				CLANG_WARN_SUSPICIOUS_MOVE = YES;
				CLANG_WARN_UNGUARDED_AVAILABILITY = YES_AGGRESSIVE;
				CLANG_WARN_UNREACHABLE_CODE = YES;
				CLANG_WARN__DUPLICATE_METHOD_MATCH = YES;
				COPY_PHASE_STRIP = NO;
				DEBUG_INFORMATION_FORMAT = dwarf;
				ENABLE_STRICT_OBJC_MSGSEND = YES;
				ENABLE_TESTABILITY = YES;
				GCC_C_LANGUAGE_STANDARD = gnu11;
				GCC_DYNAMIC_NO_PIC = NO;
				GCC_NO_COMMON_BLOCKS = YES;
				GCC_OPTIMIZATION_LEVEL = 0;
				GCC_PREPROCESSOR_DEFINITIONS = (
					"DEBUG=1",
					"$(inherited)",
				);
				GCC_WARN_64_TO_32_BIT_CONVERSION = YES;
				GCC_WARN_ABOUT_RETURN_TYPE = YES_ERROR;
				GCC_WARN_UNDECLARED_SELECTOR = YES;
				GCC_WARN_UNINITIALIZED_AUTOS = YES_AGGRESSIVE;
				GCC_WARN_UNUSED_FUNCTION = YES;
				GCC_WARN_UNUSED_VARIABLE = YES;
				IPHONEOS_DEPLOYMENT_TARGET = 14.4;
				MTL_ENABLE_DEBUG_INFO = INCLUDE_SOURCE;
				MTL_FAST_MATH = YES;
				ONLY_ACTIVE_ARCH = YES;
				SDKROOT = iphoneos;
				SWIFT_ACTIVE_COMPILATION_CONDITIONS = DEBUG;
				SWIFT_OPTIMIZATION_LEVEL = "-Onone";
			};
			name = Debug;
		};
		FD238AB226967E78008A24A5 /* Release */ = {
			isa = XCBuildConfiguration;
			buildSettings = {
				ALWAYS_SEARCH_USER_PATHS = NO;
				CLANG_ANALYZER_NONNULL = YES;
				CLANG_ANALYZER_NUMBER_OBJECT_CONVERSION = YES_AGGRESSIVE;
				CLANG_CXX_LANGUAGE_STANDARD = "gnu++14";
				CLANG_CXX_LIBRARY = "libc++";
				CLANG_ENABLE_MODULES = YES;
				CLANG_ENABLE_OBJC_ARC = YES;
				CLANG_ENABLE_OBJC_WEAK = YES;
				CLANG_WARN_BLOCK_CAPTURE_AUTORELEASING = YES;
				CLANG_WARN_BOOL_CONVERSION = YES;
				CLANG_WARN_COMMA = YES;
				CLANG_WARN_CONSTANT_CONVERSION = YES;
				CLANG_WARN_DEPRECATED_OBJC_IMPLEMENTATIONS = YES;
				CLANG_WARN_DIRECT_OBJC_ISA_USAGE = YES_ERROR;
				CLANG_WARN_DOCUMENTATION_COMMENTS = YES;
				CLANG_WARN_EMPTY_BODY = YES;
				CLANG_WARN_ENUM_CONVERSION = YES;
				CLANG_WARN_INFINITE_RECURSION = YES;
				CLANG_WARN_INT_CONVERSION = YES;
				CLANG_WARN_NON_LITERAL_NULL_CONVERSION = YES;
				CLANG_WARN_OBJC_IMPLICIT_RETAIN_SELF = YES;
				CLANG_WARN_OBJC_LITERAL_CONVERSION = YES;
				CLANG_WARN_OBJC_ROOT_CLASS = YES_ERROR;
				CLANG_WARN_QUOTED_INCLUDE_IN_FRAMEWORK_HEADER = YES;
				CLANG_WARN_RANGE_LOOP_ANALYSIS = YES;
				CLANG_WARN_STRICT_PROTOTYPES = YES;
				CLANG_WARN_SUSPICIOUS_MOVE = YES;
				CLANG_WARN_UNGUARDED_AVAILABILITY = YES_AGGRESSIVE;
				CLANG_WARN_UNREACHABLE_CODE = YES;
				CLANG_WARN__DUPLICATE_METHOD_MATCH = YES;
				COPY_PHASE_STRIP = NO;
				DEBUG_INFORMATION_FORMAT = "dwarf-with-dsym";
				ENABLE_NS_ASSERTIONS = NO;
				ENABLE_STRICT_OBJC_MSGSEND = YES;
				GCC_C_LANGUAGE_STANDARD = gnu11;
				GCC_NO_COMMON_BLOCKS = YES;
				GCC_WARN_64_TO_32_BIT_CONVERSION = YES;
				GCC_WARN_ABOUT_RETURN_TYPE = YES_ERROR;
				GCC_WARN_UNDECLARED_SELECTOR = YES;
				GCC_WARN_UNINITIALIZED_AUTOS = YES_AGGRESSIVE;
				GCC_WARN_UNUSED_FUNCTION = YES;
				GCC_WARN_UNUSED_VARIABLE = YES;
				IPHONEOS_DEPLOYMENT_TARGET = 14.4;
				MTL_ENABLE_DEBUG_INFO = NO;
				MTL_FAST_MATH = YES;
				SDKROOT = iphoneos;
				SWIFT_COMPILATION_MODE = wholemodule;
				SWIFT_OPTIMIZATION_LEVEL = "-O";
				VALIDATE_PRODUCT = YES;
			};
			name = Release;
		};
		FD238AB426967E78008A24A5 /* Debug */ = {
			isa = XCBuildConfiguration;
			buildSettings = {
				ASSETCATALOG_COMPILER_APPICON_NAME = AppIcon;
				ASSETCATALOG_COMPILER_GLOBAL_ACCENT_COLOR_NAME = AccentColor;
				CODE_SIGN_STYLE = Automatic;
				INFOPLIST_FILE = Random/Info.plist;
				LD_RUNPATH_SEARCH_PATHS = (
					"$(inherited)",
					"@executable_path/Frameworks",
				);
				PRODUCT_BUNDLE_IDENTIFIER = HarryGuan.Random;
				PRODUCT_NAME = "$(TARGET_NAME)";
				SWIFT_VERSION = 5.0;
				TARGETED_DEVICE_FAMILY = "1,2";
			};
			name = Debug;
		};
		FD238AB526967E78008A24A5 /* Release */ = {
			isa = XCBuildConfiguration;
			buildSettings = {
				ASSETCATALOG_COMPILER_APPICON_NAME = AppIcon;
				ASSETCATALOG_COMPILER_GLOBAL_ACCENT_COLOR_NAME = AccentColor;
				CODE_SIGN_STYLE = Automatic;
				INFOPLIST_FILE = Random/Info.plist;
				LD_RUNPATH_SEARCH_PATHS = (
					"$(inherited)",
					"@executable_path/Frameworks",
				);
				PRODUCT_BUNDLE_IDENTIFIER = HarryGuan.Random;
				PRODUCT_NAME = "$(TARGET_NAME)";
				SWIFT_VERSION = 5.0;
				TARGETED_DEVICE_FAMILY = "1,2";
			};
			name = Release;
		};
		FD238AB726967E78008A24A5 /* Debug */ = {
			isa = XCBuildConfiguration;
			buildSettings = {
				ALWAYS_EMBED_SWIFT_STANDARD_LIBRARIES = YES;
				BUNDLE_LOADER = "$(TEST_HOST)";
				CODE_SIGN_STYLE = Automatic;
				INFOPLIST_FILE = RandomTests/Info.plist;
				IPHONEOS_DEPLOYMENT_TARGET = 14.4;
				LD_RUNPATH_SEARCH_PATHS = (
					"$(inherited)",
					"@executable_path/Frameworks",
					"@loader_path/Frameworks",
				);
				PRODUCT_BUNDLE_IDENTIFIER = HarryGuan.RandomTests;
				PRODUCT_NAME = "$(TARGET_NAME)";
				SWIFT_VERSION = 5.0;
				TARGETED_DEVICE_FAMILY = "1,2";
				TEST_HOST = "$(BUILT_PRODUCTS_DIR)/Random.app/Random";
			};
			name = Debug;
		};
		FD238AB826967E78008A24A5 /* Release */ = {
			isa = XCBuildConfiguration;
			buildSettings = {
				ALWAYS_EMBED_SWIFT_STANDARD_LIBRARIES = YES;
				BUNDLE_LOADER = "$(TEST_HOST)";
				CODE_SIGN_STYLE = Automatic;
				INFOPLIST_FILE = RandomTests/Info.plist;
				IPHONEOS_DEPLOYMENT_TARGET = 14.4;
				LD_RUNPATH_SEARCH_PATHS = (
					"$(inherited)",
					"@executable_path/Frameworks",
					"@loader_path/Frameworks",
				);
				PRODUCT_BUNDLE_IDENTIFIER = HarryGuan.RandomTests;
				PRODUCT_NAME = "$(TARGET_NAME)";
				SWIFT_VERSION = 5.0;
				TARGETED_DEVICE_FAMILY = "1,2";
				TEST_HOST = "$(BUILT_PRODUCTS_DIR)/Random.app/Random";
			};
			name = Release;
		};
		FD238ABA26967E78008A24A5 /* Debug */ = {
			isa = XCBuildConfiguration;
			buildSettings = {
				ALWAYS_EMBED_SWIFT_STANDARD_LIBRARIES = YES;
				CODE_SIGN_STYLE = Automatic;
				INFOPLIST_FILE = RandomUITests/Info.plist;
				LD_RUNPATH_SEARCH_PATHS = (
					"$(inherited)",
					"@executable_path/Frameworks",
					"@loader_path/Frameworks",
				);
				PRODUCT_BUNDLE_IDENTIFIER = HarryGuan.RandomUITests;
				PRODUCT_NAME = "$(TARGET_NAME)";
				SWIFT_VERSION = 5.0;
				TARGETED_DEVICE_FAMILY = "1,2";
				TEST_TARGET_NAME = Random;
			};
			name = Debug;
		};
		FD238ABB26967E78008A24A5 /* Release */ = {
			isa = XCBuildConfiguration;
			buildSettings = {
				ALWAYS_EMBED_SWIFT_STANDARD_LIBRARIES = YES;
				CODE_SIGN_STYLE = Automatic;
				INFOPLIST_FILE = RandomUITests/Info.plist;
				LD_RUNPATH_SEARCH_PATHS = (
					"$(inherited)",
					"@executable_path/Frameworks",
					"@loader_path/Frameworks",
				);
				PRODUCT_BUNDLE_IDENTIFIER = HarryGuan.RandomUITests;
				PRODUCT_NAME = "$(TARGET_NAME)";
				SWIFT_VERSION = 5.0;
				TARGETED_DEVICE_FAMILY = "1,2";
				TEST_TARGET_NAME = Random;
			};
			name = Release;
		};
/* End XCBuildConfiguration section */

/* Begin XCConfigurationList section */
		FD238A8426967E75008A24A5 /* Build configuration list for PBXProject "Random" */ = {
			isa = XCConfigurationList;
			buildConfigurations = (
				FD238AB126967E78008A24A5 /* Debug */,
				FD238AB226967E78008A24A5 /* Release */,
			);
			defaultConfigurationIsVisible = 0;
			defaultConfigurationName = Release;
		};
		FD238AB326967E78008A24A5 /* Build configuration list for PBXNativeTarget "Random" */ = {
			isa = XCConfigurationList;
			buildConfigurations = (
				FD238AB426967E78008A24A5 /* Debug */,
				FD238AB526967E78008A24A5 /* Release */,
			);
			defaultConfigurationIsVisible = 0;
			defaultConfigurationName = Release;
		};
		FD238AB626967E78008A24A5 /* Build configuration list for PBXNativeTarget "RandomTests" */ = {
			isa = XCConfigurationList;
			buildConfigurations = (
				FD238AB726967E78008A24A5 /* Debug */,
				FD238AB826967E78008A24A5 /* Release */,
			);
			defaultConfigurationIsVisible = 0;
			defaultConfigurationName = Release;
		};
		FD238AB926967E78008A24A5 /* Build configuration list for PBXNativeTarget "RandomUITests" */ = {
			isa = XCConfigurationList;
			buildConfigurations = (
				FD238ABA26967E78008A24A5 /* Debug */,
				FD238ABB26967E78008A24A5 /* Release */,
			);
			defaultConfigurationIsVisible = 0;
			defaultConfigurationName = Release;
		};
/* End XCConfigurationList section */
	};
	rootObject = FD238A8126967E75008A24A5 /* Project object */;
}
